{
  "name": "oncall-agent-backend",
  "version": "0.1.0",
  "lockfileVersion": 3,
  "requires": true,
  "packages": {
    "": {
      "name": "oncall-agent-backend",
      "version": "0.1.0",
      "dependencies": {
        "kubernetes-mcp-server": "latest"
      }
    },
    "node_modules/kubernetes-mcp-server": {
      "version": "0.0.60",
      "resolved": "https://registry.npmjs.org/kubernetes-mcp-server/-/kubernetes-mcp-server-0.0.60.tgz",
      "integrity": "sha512-dZClaWfHivwx/KSAuFplwDEZQKJr4sSZP7XPAsF7RlUNM/eU3+4uDdeqRJbA1a8pqWUokaYSfMFfgniRRpt5aw==",
      "license": "Apache-2.0",
      "bin": {
        "kubernetes-mcp-server": "bin/index.js"
      },
      "optionalDependencies": {
        "kubernetes-mcp-server-darwin-amd64": "0.0.60",
        "kubernetes-mcp-server-darwin-arm64": "0.0.60",
        "kubernetes-mcp-server-linux-amd64": "0.0.60",
        "kubernetes-mcp-server-linux-arm64": "0.0.60",
        "kubernetes-mcp-server-windows-amd64": "0.0.60",
        "kubernetes-mcp-server-windows-arm64": "0.0.60"
      }
    },
    "node_modules/kubernetes-mcp-server-darwin-amd64": {
      "version": "0.0.60",
      "resolved": "https://registry.npmjs.org/kubernetes-mcp-server-darwin-amd64/-/kubernetes-mcp-server-darwin-amd64-0.0.60.tgz",
      "integrity": "sha512-AFceZK76IyiQIErsI4Z/gYi3SEkXQPYHv6eu4c5CRB2cISJ8iZGldMPKN+Szy2+MHODr2pQe5xYH5ahrULpaLg==",
      "cpu": [
        "x64"
      ],
      "optional": true,
      "os": [
        "darwin"
      ]
    },
    "node_modules/kubernetes-mcp-server-darwin-arm64": {
      "version": "0.0.60",
      "resolved": "https://registry.npmjs.org/kubernetes-mcp-server-darwin-arm64/-/kubernetes-mcp-server-darwin-arm64-0.0.60.tgz",
      "integrity": "sha512-FNZfzJBc3E9DZufRShXTr4ErKKSIc3AEHD2/3vXK52dU8jmUEBqmuOrPsaaMG/Kt1I3cGTbL033H2Pix/JQmJw==",
      "cpu": [
        "arm64"
      ],
      "optional": true,
      "os": [
        "darwin"
      ]
    },
    "node_modules/kubernetes-mcp-server-linux-amd64": {
      "version": "0.0.60",
      "resolved": "https://registry.npmjs.org/kubernetes-mcp-server-linux-amd64/-/kubernetes-mcp-server-linux-amd64-0.0.60.tgz",
      "integrity": "sha512-kWYu3BSVWXc+0b7iIBr4dVM+zVXKUIHxe/GhfoDnl68qlHjT36ofnaG1NQS92ftfD72+2F8FB1UFCbu2ekGbQg==",
      "cpu": [
        "x64"
      ],
      "optional": true,
      "os": [
        "linux"
      ]
    },
    "node_modules/kubernetes-mcp-server-linux-arm64": {
      "version": "0.0.60",
      "resolved": "https://registry.npmjs.org/kubernetes-mcp-server-linux-arm64/-/kubernetes-mcp-server-linux-arm64-0.0.60.tgz",
      "integrity": "sha512-z+l5pJ8cxnQkI7Xf1nj3vQsulczbqcx91eAaNx63XKEXeKi789D3VSl0YL3eUQBTYbMXSRlLr7DeaCKNwqYzBQ==",
      "cpu": [
        "arm64"
      ],
      "optional": true,
      "os": [
        "linux"
      ]
    },
    "node_modules/kubernetes-mcp-server-windows-amd64": {
      "version": "0.0.60",
      "resolved": "https://registry.npmjs.org/kubernetes-mcp-server-windows-amd64/-/kubernetes-mcp-server-windows-amd64-0.0.60.tgz",
      "integrity": "sha512-TMtzlspZ5ssmBmdEP6DOWrWLjTtUPCe0KgGaAAd4BUzMWjFCRz7qi/IUwE2jowKMqakHkkaic/o/Q0A9yWMLQA==",
      "cpu": [
        "x64"
      ],
      "optional": true,
      "os": [
        "win32"
      ]
    },
    "node_modules/kubernetes-mcp-server-windows-arm64": {
      "version": "0.0.60",
      "resolved": "https://registry.npmjs.org/kubernetes-mcp-server-windows-arm64/-/kubernetes-mcp-server-windows-arm64-0.0.60.tgz",
      "integrity": "sha512-cOo8FhpHPh3NloJLNfx4L7Thq0GP8OaeIta19ASuY5eTgD7K9as8bSM8V3ikAYlEYfPJWNfI9KVqOdCqXniSsw==",
      "cpu": [
        "arm64"
      ],
      "optional": true,
      "os": [
        "win32"
      ]
    }
  }
}
